
Microsoft Visual Studio Solution File, Format Version 12.00
# Visual Studio Version 16
VisualStudioVersion = 16.0.29215.179
MinimumVisualStudioVersion = 10.0.40219.1
Project("{FAE04EC0-301F-11D3-BF4B-00C04F79EFBC}") = "GraphQlGdpr.Api", "GraphQlGdpr.Api\GraphQlGdpr.Api.csproj", "{BBF43965-2648-4271-9C31-62EE4C83150C}"
EndProject
Global
	GlobalSection(SolutionConfigurationPlatforms) = preSolution
		Debug|Any CPU = Debug|Any CPU
		Release|Any CPU = Release|Any CPU
	EndGlobalSection
	GlobalSection(ProjectConfigurationPlatforms) = postSolution
		{BBF43965-2648-4271-9C31-62EE4C83150C}.Debug|Any CPU.ActiveCfg = Debug|Any CPU
		{BBF43965-2648-4271-9C31-62EE4C83150C}.Debug|Any CPU.Build.0 = Debug|Any CPU
		{BBF43965-2648-4271-9C31-62EE4C83150C}.Release|Any CPU.ActiveCfg = Release|Any CPU
		{BBF43965-2648-4271-9C31-62EE4C83150C}.Release|Any CPU.Build.0 = Release|Any CPU
	EndGlobalSection
	GlobalSection(SolutionProperties) = preSolution
		HideSolutionNode = FALSE
	EndGlobalSection
	GlobalSection(ExtensibilityGlobals) = postSolution
		SolutionGuid = {1647176E-E1A3-42AE-BBD1-8EFE578E0F2C}
	EndGlobalSection
EndGlobal
